// !$*UTF8*$!
{
	archiveVersion = 1;
	classes = {
	};
	objectVersion = 42;
	objects = {

/* Begin PBXBuildFile section */
		8C266A4414840047001223C7 /* ofxAssimpModelLoader.cpp in Sources */ = {isa = PBXBuildFile; fileRef = 8C266A3814840047001223C7 /* ofxAssimpModelLoader.cpp */; };
		8C70C129148D470200079CA0 /* arMarkerFunctions.cpp in Sources */ = {isa = PBXBuildFile; fileRef = 8C70C120148D470200079CA0 /* arMarkerFunctions.cpp */; };
		8C70C12A148D470200079CA0 /* arMedia.cpp in Sources */ = {isa = PBXBuildFile; fileRef = 8C70C121148D470200079CA0 /* arMedia.cpp */; };
		8C70C12B148D470200079CA0 /* arViewer.cpp in Sources */ = {isa = PBXBuildFile; fileRef = 8C70C123148D470200079CA0 /* arViewer.cpp */; };
		8C70C12C148D470200079CA0 /* library.cpp in Sources */ = {isa = PBXBuildFile; fileRef = 8C70C125148D470200079CA0 /* library.cpp */; };
		8C70C12D148D470200079CA0 /* main.cpp in Sources */ = {isa = PBXBuildFile; fileRef = 8C70C127148D470200079CA0 /* main.cpp */; };
		8C70C1CE148D478C00079CA0 /* model3DS.cpp in Sources */ = {isa = PBXBuildFile; fileRef = 8C70C1C6148D478C00079CA0 /* model3DS.cpp */; };
		8C70C1CF148D478C00079CA0 /* texture3DS.cpp in Sources */ = {isa = PBXBuildFile; fileRef = 8C70C1C8148D478C00079CA0 /* texture3DS.cpp */; };
		8C70C1D0148D478C00079CA0 /* ofx3dModelLoader.cpp in Sources */ = {isa = PBXBuildFile; fileRef = 8C70C1CC148D478C00079CA0 /* ofx3dModelLoader.cpp */; };
		8C70C23E148D47A800079CA0 /* opencv.a in Frameworks */ = {isa = PBXBuildFile; fileRef = 8C70C22A148D47A800079CA0 /* opencv.a */; };
		8C70C23F148D47A800079CA0 /* ofxCvColorImage.cpp in Sources */ = {isa = PBXBuildFile; fileRef = 8C70C22D148D47A800079CA0 /* ofxCvColorImage.cpp */; };
		8C70C240148D47A800079CA0 /* ofxCvContourFinder.cpp in Sources */ = {isa = PBXBuildFile; fileRef = 8C70C230148D47A800079CA0 /* ofxCvContourFinder.cpp */; };
		8C70C241148D47A800079CA0 /* ofxCvFloatImage.cpp in Sources */ = {isa = PBXBuildFile; fileRef = 8C70C232148D47A800079CA0 /* ofxCvFloatImage.cpp */; };
		8C70C242148D47A800079CA0 /* ofxCvGrayscaleImage.cpp in Sources */ = {isa = PBXBuildFile; fileRef = 8C70C234148D47A800079CA0 /* ofxCvGrayscaleImage.cpp */; };
		8C70C243148D47A800079CA0 /* ofxCvHaarFinder.cpp in Sources */ = {isa = PBXBuildFile; fileRef = 8C70C236148D47A800079CA0 /* ofxCvHaarFinder.cpp */; };
		8C70C244148D47A800079CA0 /* ofxCvImage.cpp in Sources */ = {isa = PBXBuildFile; fileRef = 8C70C238148D47A800079CA0 /* ofxCvImage.cpp */; };
		8C70C245148D47A800079CA0 /* ofxCvShortImage.cpp in Sources */ = {isa = PBXBuildFile; fileRef = 8C70C23B148D47A800079CA0 /* ofxCvShortImage.cpp */; };
		8C70C357148D53C200079CA0 /* ARTK_Plus.a in Frameworks */ = {isa = PBXBuildFile; fileRef = 8C70C316148D53C200079CA0 /* ARTK_Plus.a */; };
		8C70C380148D53C200079CA0 /* ofxARToolkitPlus.cpp in Sources */ = {isa = PBXBuildFile; fileRef = 8C70C351148D53C200079CA0 /* ofxARToolkitPlus.cpp */; };
		BBAB23CB13894F3D00AA2426 /* GLUT.framework in CopyFiles */ = {isa = PBXBuildFile; fileRef = BBAB23BE13894E4700AA2426 /* GLUT.framework */; };
		E4328149138ABC9F0047C5CB /* openFrameworksDebug.a in Frameworks */ = {isa = PBXBuildFile; fileRef = E4328148138ABC890047C5CB /* openFrameworksDebug.a */; };
		E45BE97B0E8CC7DD009D7055 /* AGL.framework in Frameworks */ = {isa = PBXBuildFile; fileRef = E45BE9710E8CC7DD009D7055 /* AGL.framework */; };
		E45BE97C0E8CC7DD009D7055 /* ApplicationServices.framework in Frameworks */ = {isa = PBXBuildFile; fileRef = E45BE9720E8CC7DD009D7055 /* ApplicationServices.framework */; };
		E45BE97D0E8CC7DD009D7055 /* AudioToolbox.framework in Frameworks */ = {isa = PBXBuildFile; fileRef = E45BE9730E8CC7DD009D7055 /* AudioToolbox.framework */; };
		E45BE97E0E8CC7DD009D7055 /* Carbon.framework in Frameworks */ = {isa = PBXBuildFile; fileRef = E45BE9740E8CC7DD009D7055 /* Carbon.framework */; };
		E45BE97F0E8CC7DD009D7055 /* CoreAudio.framework in Frameworks */ = {isa = PBXBuildFile; fileRef = E45BE9750E8CC7DD009D7055 /* CoreAudio.framework */; };
		E45BE9800E8CC7DD009D7055 /* CoreFoundation.framework in Frameworks */ = {isa = PBXBuildFile; fileRef = E45BE9760E8CC7DD009D7055 /* CoreFoundation.framework */; };
		E45BE9810E8CC7DD009D7055 /* CoreServices.framework in Frameworks */ = {isa = PBXBuildFile; fileRef = E45BE9770E8CC7DD009D7055 /* CoreServices.framework */; };
		E45BE9830E8CC7DD009D7055 /* OpenGL.framework in Frameworks */ = {isa = PBXBuildFile; fileRef = E45BE9790E8CC7DD009D7055 /* OpenGL.framework */; };
		E45BE9840E8CC7DD009D7055 /* QuickTime.framework in Frameworks */ = {isa = PBXBuildFile; fileRef = E45BE97A0E8CC7DD009D7055 /* QuickTime.framework */; };
		E4C2424710CC5A17004149E2 /* AppKit.framework in Frameworks */ = {isa = PBXBuildFile; fileRef = E4C2424410CC5A17004149E2 /* AppKit.framework */; };
		E4C2424810CC5A17004149E2 /* Cocoa.framework in Frameworks */ = {isa = PBXBuildFile; fileRef = E4C2424510CC5A17004149E2 /* Cocoa.framework */; };
		E4C2424910CC5A17004149E2 /* IOKit.framework in Frameworks */ = {isa = PBXBuildFile; fileRef = E4C2424610CC5A17004149E2 /* IOKit.framework */; };
		E4EB6799138ADC1D00A09F29 /* GLUT.framework in Frameworks */ = {isa = PBXBuildFile; fileRef = BBAB23BE13894E4700AA2426 /* GLUT.framework */; };
/* End PBXBuildFile section */

/* Begin PBXContainerItemProxy section */
		E4328147138ABC890047C5CB /* PBXContainerItemProxy */ = {
			isa = PBXContainerItemProxy;
			containerPortal = E4328143138ABC890047C5CB /* openFrameworksLib.xcodeproj */;
			proxyType = 2;
			remoteGlobalIDString = E4B27C1510CBEB8E00536013;
			remoteInfo = openFrameworks;
		};
		E4EEB9AB138B136A00A80321 /* PBXContainerItemProxy */ = {
			isa = PBXContainerItemProxy;
			containerPortal = E4328143138ABC890047C5CB /* openFrameworksLib.xcodeproj */;
			proxyType = 1;
			remoteGlobalIDString = E4B27C1410CBEB8E00536013;
			remoteInfo = openFrameworks;
		};
/* End PBXContainerItemProxy section */

/* Begin PBXCopyFilesBuildPhase section */
		E4C2427710CC5ABF004149E2 /* CopyFiles */ = {
			isa = PBXCopyFilesBuildPhase;
			buildActionMask = 2147483647;
			dstPath = "";
			dstSubfolderSpec = 10;
			files = (
				BBAB23CB13894F3D00AA2426 /* GLUT.framework in CopyFiles */,
			);
			runOnlyForDeploymentPostprocessing = 0;
		};
/* End PBXCopyFilesBuildPhase section */

/* Begin PBXFileReference section */
		8C266A3714840047001223C7 /* ofx3DBaseLoader.h */ = {isa = PBXFileReference; fileEncoding = 4; lastKnownFileType = sourcecode.c.h; name = ofx3DBaseLoader.h; path = ../../../addons/ofxAssimpModelLoader/src/ofx3DBaseLoader.h; sourceTree = SOURCE_ROOT; };
		8C266A3814840047001223C7 /* ofxAssimpModelLoader.cpp */ = {isa = PBXFileReference; fileEncoding = 4; lastKnownFileType = sourcecode.cpp.cpp; name = ofxAssimpModelLoader.cpp; path = ../../../addons/ofxAssimpModelLoader/src/ofxAssimpModelLoader.cpp; sourceTree = SOURCE_ROOT; };
		8C266A3914840047001223C7 /* ofxAssimpMeshHelper.h */ = {isa = PBXFileReference; fileEncoding = 4; lastKnownFileType = sourcecode.c.h; name = ofxAssimpMeshHelper.h; path = ../../../addons/ofxAssimpModelLoader/src/ofxAssimpMeshHelper.h; sourceTree = SOURCE_ROOT; };
		8C266A3A14840047001223C7 /* ofxAssimpModelLoader.h */ = {isa = PBXFileReference; fileEncoding = 4; lastKnownFileType = sourcecode.c.h; name = ofxAssimpModelLoader.h; path = ../../../addons/ofxAssimpModelLoader/src/ofxAssimpModelLoader.h; sourceTree = SOURCE_ROOT; };
		8C70C120148D470200079CA0 /* arMarkerFunctions.cpp */ = {isa = PBXFileReference; fileEncoding = 4; lastKnownFileType = sourcecode.cpp.cpp; path = arMarkerFunctions.cpp; sourceTree = "<group>"; };
		8C70C121148D470200079CA0 /* arMedia.cpp */ = {isa = PBXFileReference; fileEncoding = 4; lastKnownFileType = sourcecode.cpp.cpp; path = arMedia.cpp; sourceTree = "<group>"; };
		8C70C122148D470200079CA0 /* arMedia.h */ = {isa = PBXFileReference; fileEncoding = 4; lastKnownFileType = sourcecode.c.h; path = arMedia.h; sourceTree = "<group>"; };
		8C70C123148D470200079CA0 /* arViewer.cpp */ = {isa = PBXFileReference; fileEncoding = 4; lastKnownFileType = sourcecode.cpp.cpp; path = arViewer.cpp; sourceTree = "<group>"; };
		8C70C124148D470200079CA0 /* arViewer.h */ = {isa = PBXFileReference; fileEncoding = 4; lastKnownFileType = sourcecode.c.h; path = arViewer.h; sourceTree = "<group>"; };
		8C70C125148D470200079CA0 /* library.cpp */ = {isa = PBXFileReference; fileEncoding = 4; lastKnownFileType = sourcecode.cpp.cpp; path = library.cpp; sourceTree = "<group>"; };
		8C70C126148D470200079CA0 /* library.h */ = {isa = PBXFileReference; fileEncoding = 4; lastKnownFileType = sourcecode.c.h; path = library.h; sourceTree = "<group>"; };
		8C70C127148D470200079CA0 /* main.cpp */ = {isa = PBXFileReference; fileEncoding = 4; lastKnownFileType = sourcecode.cpp.cpp; path = main.cpp; sourceTree = "<group>"; };
		8C70C1C3148D478C00079CA0 /* install.xml */ = {isa = PBXFileReference; fileEncoding = 4; lastKnownFileType = text.xml; path = install.xml; sourceTree = "<group>"; };
		8C70C1C6148D478C00079CA0 /* model3DS.cpp */ = {isa = PBXFileReference; fileEncoding = 4; lastKnownFileType = sourcecode.cpp.cpp; path = model3DS.cpp; sourceTree = "<group>"; };
		8C70C1C7148D478C00079CA0 /* model3DS.h */ = {isa = PBXFileReference; fileEncoding = 4; lastKnownFileType = sourcecode.c.h; path = model3DS.h; sourceTree = "<group>"; };
		8C70C1C8148D478C00079CA0 /* texture3DS.cpp */ = {isa = PBXFileReference; fileEncoding = 4; lastKnownFileType = sourcecode.cpp.cpp; path = texture3DS.cpp; sourceTree = "<group>"; };
		8C70C1C9148D478C00079CA0 /* texture3DS.h */ = {isa = PBXFileReference; fileEncoding = 4; lastKnownFileType = sourcecode.c.h; path = texture3DS.h; sourceTree = "<group>"; };
		8C70C1CA148D478C00079CA0 /* Vector3DS.h */ = {isa = PBXFileReference; fileEncoding = 4; lastKnownFileType = sourcecode.c.h; path = Vector3DS.h; sourceTree = "<group>"; };
		8C70C1CB148D478C00079CA0 /* ofx3DBaseLoader.h */ = {isa = PBXFileReference; fileEncoding = 4; lastKnownFileType = sourcecode.c.h; path = ofx3DBaseLoader.h; sourceTree = "<group>"; };
		8C70C1CC148D478C00079CA0 /* ofx3dModelLoader.cpp */ = {isa = PBXFileReference; fileEncoding = 4; lastKnownFileType = sourcecode.cpp.cpp; path = ofx3dModelLoader.cpp; sourceTree = "<group>"; };
		8C70C1CD148D478C00079CA0 /* ofx3DModelLoader.h */ = {isa = PBXFileReference; fileEncoding = 4; lastKnownFileType = sourcecode.c.h; path = ofx3DModelLoader.h; sourceTree = "<group>"; };
		8C70C1D4148D47A800079CA0 /* install.xml */ = {isa = PBXFileReference; fileEncoding = 4; lastKnownFileType = text.xml; path = install.xml; sourceTree = "<group>"; };
		8C70C1D9148D47A800079CA0 /* cv.h */ = {isa = PBXFileReference; fileEncoding = 4; lastKnownFileType = sourcecode.c.h; path = cv.h; sourceTree = "<group>"; };
		8C70C1DA148D47A800079CA0 /* cv.hpp */ = {isa = PBXFileReference; fileEncoding = 4; lastKnownFileType = sourcecode.cpp.h; path = cv.hpp; sourceTree = "<group>"; };
		8C70C1DB148D47A800079CA0 /* cvaux.h */ = {isa = PBXFileReference; fileEncoding = 4; lastKnownFileType = sourcecode.c.h; path = cvaux.h; sourceTree = "<group>"; };
		8C70C1DC148D47A800079CA0 /* cvaux.hpp */ = {isa = PBXFileReference; fileEncoding = 4; lastKnownFileType = sourcecode.cpp.h; path = cvaux.hpp; sourceTree = "<group>"; };
		8C70C1DD148D47A800079CA0 /* cvwimage.h */ = {isa = PBXFileReference; fileEncoding = 4; lastKnownFileType = sourcecode.c.h; path = cvwimage.h; sourceTree = "<group>"; };
		8C70C1DE148D47A800079CA0 /* cxcore.h */ = {isa = PBXFileReference; fileEncoding = 4; lastKnownFileType = sourcecode.c.h; path = cxcore.h; sourceTree = "<group>"; };
		8C70C1DF148D47A800079CA0 /* cxcore.hpp */ = {isa = PBXFileReference; fileEncoding = 4; lastKnownFileType = sourcecode.cpp.h; path = cxcore.hpp; sourceTree = "<group>"; };
		8C70C1E0148D47A800079CA0 /* cxeigen.hpp */ = {isa = PBXFileReference; fileEncoding = 4; lastKnownFileType = sourcecode.cpp.h; path = cxeigen.hpp; sourceTree = "<group>"; };
		8C70C1E1148D47A800079CA0 /* cxmisc.h */ = {isa = PBXFileReference; fileEncoding = 4; lastKnownFileType = sourcecode.c.h; path = cxmisc.h; sourceTree = "<group>"; };
		8C70C1E2148D47A800079CA0 /* highgui.h */ = {isa = PBXFileReference; fileEncoding = 4; lastKnownFileType = sourcecode.c.h; path = highgui.h; sourceTree = "<group>"; };
		8C70C1E3148D47A800079CA0 /* ml.h */ = {isa = PBXFileReference; fileEncoding = 4; lastKnownFileType = sourcecode.c.h; path = ml.h; sourceTree = "<group>"; };
		8C70C1E6148D47A800079CA0 /* calib3d.hpp */ = {isa = PBXFileReference; fileEncoding = 4; lastKnownFileType = sourcecode.cpp.h; path = calib3d.hpp; sourceTree = "<group>"; };
		8C70C1E8148D47A800079CA0 /* contrib.hpp */ = {isa = PBXFileReference; fileEncoding = 4; lastKnownFileType = sourcecode.cpp.h; path = contrib.hpp; sourceTree = "<group>"; };
		8C70C1EA148D47A800079CA0 /* core.hpp */ = {isa = PBXFileReference; fileEncoding = 4; lastKnownFileType = sourcecode.cpp.h; path = core.hpp; sourceTree = "<group>"; };
		8C70C1EB148D47A800079CA0 /* core_c.h */ = {isa = PBXFileReference; fileEncoding = 4; lastKnownFileType = sourcecode.c.h; path = core_c.h; sourceTree = "<group>"; };
		8C70C1EC148D47A800079CA0 /* eigen.hpp */ = {isa = PBXFileReference; fileEncoding = 4; lastKnownFileType = sourcecode.cpp.h; path = eigen.hpp; sourceTree = "<group>"; };
		8C70C1ED148D47A800079CA0 /* internal.hpp */ = {isa = PBXFileReference; fileEncoding = 4; lastKnownFileType = sourcecode.cpp.h; path = internal.hpp; sourceTree = "<group>"; };
		8C70C1EE148D47A800079CA0 /* mat.hpp */ = {isa = PBXFileReference; fileEncoding = 4; lastKnownFileType = sourcecode.cpp.h; path = mat.hpp; sourceTree = "<group>"; };
		8C70C1EF148D47A800079CA0 /* operations.hpp */ = {isa = PBXFileReference; fileEncoding = 4; lastKnownFileType = sourcecode.cpp.h; path = operations.hpp; sourceTree = "<group>"; };
		8C70C1F0148D47A800079CA0 /* types_c.h */ = {isa = PBXFileReference; fileEncoding = 4; lastKnownFileType = sourcecode.c.h; path = types_c.h; sourceTree = "<group>"; };
		8C70C1F1148D47A800079CA0 /* version.hpp */ = {isa = PBXFileReference; fileEncoding = 4; lastKnownFileType = sourcecode.cpp.h; path = version.hpp; sourceTree = "<group>"; };
		8C70C1F2148D47A800079CA0 /* wimage.hpp */ = {isa = PBXFileReference; fileEncoding = 4; lastKnownFileType = sourcecode.cpp.h; path = wimage.hpp; sourceTree = "<group>"; };
		8C70C1F4148D47A800079CA0 /* features2d.hpp */ = {isa = PBXFileReference; fileEncoding = 4; lastKnownFileType = sourcecode.cpp.h; path = features2d.hpp; sourceTree = "<group>"; };
		8C70C1F6148D47A800079CA0 /* all_indices.h */ = {isa = PBXFileReference; fileEncoding = 4; lastKnownFileType = sourcecode.c.h; path = all_indices.h; sourceTree = "<group>"; };
		8C70C1F7148D47A800079CA0 /* allocator.h */ = {isa = PBXFileReference; fileEncoding = 4; lastKnownFileType = sourcecode.c.h; path = allocator.h; sourceTree = "<group>"; };
		8C70C1F8148D47A800079CA0 /* autotuned_index.h */ = {isa = PBXFileReference; fileEncoding = 4; lastKnownFileType = sourcecode.c.h; path = autotuned_index.h; sourceTree = "<group>"; };
		8C70C1F9148D47A800079CA0 /* composite_index.h */ = {isa = PBXFileReference; fileEncoding = 4; lastKnownFileType = sourcecode.c.h; path = composite_index.h; sourceTree = "<group>"; };
		8C70C1FA148D47A800079CA0 /* dist.h */ = {isa = PBXFileReference; fileEncoding = 4; lastKnownFileType = sourcecode.c.h; path = dist.h; sourceTree = "<group>"; };
		8C70C1FB148D47A800079CA0 /* flann.hpp */ = {isa = PBXFileReference; fileEncoding = 4; lastKnownFileType = sourcecode.cpp.h; path = flann.hpp; sourceTree = "<group>"; };
		8C70C1FC148D47A800079CA0 /* flann_base.hpp */ = {isa = PBXFileReference; fileEncoding = 4; lastKnownFileType = sourcecode.cpp.h; path = flann_base.hpp; sourceTree = "<group>"; };
		8C70C1FD148D47A800079CA0 /* general.h */ = {isa = PBXFileReference; fileEncoding = 4; lastKnownFileType = sourcecode.c.h; path = general.h; sourceTree = "<group>"; };
		8C70C1FE148D47A800079CA0 /* ground_truth.h */ = {isa = PBXFileReference; fileEncoding = 4; lastKnownFileType = sourcecode.c.h; path = ground_truth.h; sourceTree = "<group>"; };
		8C70C1FF148D47A800079CA0 /* hdf5.h */ = {isa = PBXFileReference; fileEncoding = 4; lastKnownFileType = sourcecode.c.h; path = hdf5.h; sourceTree = "<group>"; };
		8C70C200148D47A800079CA0 /* heap.h */ = {isa = PBXFileReference; fileEncoding = 4; lastKnownFileType = sourcecode.c.h; path = heap.h; sourceTree = "<group>"; };
		8C70C201148D47A800079CA0 /* index_testing.h */ = {isa = PBXFileReference; fileEncoding = 4; lastKnownFileType = sourcecode.c.h; path = index_testing.h; sourceTree = "<group>"; };
		8C70C202148D47A800079CA0 /* kdtree_index.h */ = {isa = PBXFileReference; fileEncoding = 4; lastKnownFileType = sourcecode.c.h; path = kdtree_index.h; sourceTree = "<group>"; };
		8C70C203148D47A800079CA0 /* kmeans_index.h */ = {isa = PBXFileReference; fileEncoding = 4; lastKnownFileType = sourcecode.c.h; path = kmeans_index.h; sourceTree = "<group>"; };
		8C70C204148D47A800079CA0 /* linear_index.h */ = {isa = PBXFileReference; fileEncoding = 4; lastKnownFileType = sourcecode.c.h; path = linear_index.h; sourceTree = "<group>"; };
		8C70C205148D47A800079CA0 /* logger.h */ = {isa = PBXFileReference; fileEncoding = 4; lastKnownFileType = sourcecode.c.h; path = logger.h; sourceTree = "<group>"; };
		8C70C206148D47A800079CA0 /* matrix.h */ = {isa = PBXFileReference; fileEncoding = 4; lastKnownFileType = sourcecode.c.h; path = matrix.h; sourceTree = "<group>"; };
		8C70C207148D47A800079CA0 /* nn_index.h */ = {isa = PBXFileReference; fileEncoding = 4; lastKnownFileType = sourcecode.c.h; path = nn_index.h; sourceTree = "<group>"; };
		8C70C208148D47A800079CA0 /* object_factory.h */ = {isa = PBXFileReference; fileEncoding = 4; lastKnownFileType = sourcecode.c.h; path = object_factory.h; sourceTree = "<group>"; };
		8C70C209148D47A800079CA0 /* random.h */ = {isa = PBXFileReference; fileEncoding = 4; lastKnownFileType = sourcecode.c.h; path = random.h; sourceTree = "<group>"; };
		8C70C20A148D47A800079CA0 /* result_set.h */ = {isa = PBXFileReference; fileEncoding = 4; lastKnownFileType = sourcecode.c.h; path = result_set.h; sourceTree = "<group>"; };
		8C70C20B148D47A800079CA0 /* sampling.h */ = {isa = PBXFileReference; fileEncoding = 4; lastKnownFileType = sourcecode.c.h; path = sampling.h; sourceTree = "<group>"; };
		8C70C20C148D47A800079CA0 /* saving.h */ = {isa = PBXFileReference; fileEncoding = 4; lastKnownFileType = sourcecode.c.h; path = saving.h; sourceTree = "<group>"; };
		8C70C20D148D47A800079CA0 /* simplex_downhill.h */ = {isa = PBXFileReference; fileEncoding = 4; lastKnownFileType = sourcecode.c.h; path = simplex_downhill.h; sourceTree = "<group>"; };
		8C70C20E148D47A800079CA0 /* timer.h */ = {isa = PBXFileReference; fileEncoding = 4; lastKnownFileType = sourcecode.c.h; path = timer.h; sourceTree = "<group>"; };
		8C70C210148D47A800079CA0 /* devmem2d.hpp */ = {isa = PBXFileReference; fileEncoding = 4; lastKnownFileType = sourcecode.cpp.h; path = devmem2d.hpp; sourceTree = "<group>"; };
		8C70C211148D47A800079CA0 /* gpu.hpp */ = {isa = PBXFileReference; fileEncoding = 4; lastKnownFileType = sourcecode.cpp.h; path = gpu.hpp; sourceTree = "<group>"; };
		8C70C212148D47A800079CA0 /* matrix_operations.hpp */ = {isa = PBXFileReference; fileEncoding = 4; lastKnownFileType = sourcecode.cpp.h; path = matrix_operations.hpp; sourceTree = "<group>"; };
		8C70C213148D47A800079CA0 /* stream_accessor.hpp */ = {isa = PBXFileReference; fileEncoding = 4; lastKnownFileType = sourcecode.cpp.h; path = stream_accessor.hpp; sourceTree = "<group>"; };
		8C70C215148D47A800079CA0 /* highgui.hpp */ = {isa = PBXFileReference; fileEncoding = 4; lastKnownFileType = sourcecode.cpp.h; path = highgui.hpp; sourceTree = "<group>"; };
		8C70C216148D47A800079CA0 /* highgui_c.h */ = {isa = PBXFileReference; fileEncoding = 4; lastKnownFileType = sourcecode.c.h; path = highgui_c.h; sourceTree = "<group>"; };
		8C70C218148D47A800079CA0 /* imgproc.hpp */ = {isa = PBXFileReference; fileEncoding = 4; lastKnownFileType = sourcecode.cpp.h; path = imgproc.hpp; sourceTree = "<group>"; };
		8C70C219148D47A800079CA0 /* imgproc_c.h */ = {isa = PBXFileReference; fileEncoding = 4; lastKnownFileType = sourcecode.c.h; path = imgproc_c.h; sourceTree = "<group>"; };
		8C70C21A148D47A800079CA0 /* types_c.h */ = {isa = PBXFileReference; fileEncoding = 4; lastKnownFileType = sourcecode.c.h; path = types_c.h; sourceTree = "<group>"; };
		8C70C21C148D47A800079CA0 /* blobtrack.hpp */ = {isa = PBXFileReference; fileEncoding = 4; lastKnownFileType = sourcecode.cpp.h; path = blobtrack.hpp; sourceTree = "<group>"; };
		8C70C21D148D47A800079CA0 /* compat.hpp */ = {isa = PBXFileReference; fileEncoding = 4; lastKnownFileType = sourcecode.cpp.h; path = compat.hpp; sourceTree = "<group>"; };
		8C70C21E148D47A800079CA0 /* legacy.hpp */ = {isa = PBXFileReference; fileEncoding = 4; lastKnownFileType = sourcecode.cpp.h; path = legacy.hpp; sourceTree = "<group>"; };
		8C70C21F148D47A800079CA0 /* streams.hpp */ = {isa = PBXFileReference; fileEncoding = 4; lastKnownFileType = sourcecode.cpp.h; path = streams.hpp; sourceTree = "<group>"; };
		8C70C221148D47A800079CA0 /* ml.hpp */ = {isa = PBXFileReference; fileEncoding = 4; lastKnownFileType = sourcecode.cpp.h; path = ml.hpp; sourceTree = "<group>"; };
		8C70C223148D47A800079CA0 /* objdetect.hpp */ = {isa = PBXFileReference; fileEncoding = 4; lastKnownFileType = sourcecode.cpp.h; path = objdetect.hpp; sourceTree = "<group>"; };
		8C70C224148D47A800079CA0 /* opencv.hpp */ = {isa = PBXFileReference; fileEncoding = 4; lastKnownFileType = sourcecode.cpp.h; path = opencv.hpp; sourceTree = "<group>"; };
		8C70C226148D47A800079CA0 /* background_segm.hpp */ = {isa = PBXFileReference; fileEncoding = 4; lastKnownFileType = sourcecode.cpp.h; path = background_segm.hpp; sourceTree = "<group>"; };
		8C70C227148D47A800079CA0 /* tracking.hpp */ = {isa = PBXFileReference; fileEncoding = 4; lastKnownFileType = sourcecode.cpp.h; path = tracking.hpp; sourceTree = "<group>"; };
		8C70C22A148D47A800079CA0 /* opencv.a */ = {isa = PBXFileReference; lastKnownFileType = archive.ar; path = opencv.a; sourceTree = "<group>"; };
		8C70C22C148D47A800079CA0 /* ofxCvBlob.h */ = {isa = PBXFileReference; fileEncoding = 4; lastKnownFileType = sourcecode.c.h; path = ofxCvBlob.h; sourceTree = "<group>"; };
		8C70C22D148D47A800079CA0 /* ofxCvColorImage.cpp */ = {isa = PBXFileReference; fileEncoding = 4; lastKnownFileType = sourcecode.cpp.cpp; path = ofxCvColorImage.cpp; sourceTree = "<group>"; };
		8C70C22E148D47A800079CA0 /* ofxCvColorImage.h */ = {isa = PBXFileReference; fileEncoding = 4; lastKnownFileType = sourcecode.c.h; path = ofxCvColorImage.h; sourceTree = "<group>"; };
		8C70C22F148D47A800079CA0 /* ofxCvConstants.h */ = {isa = PBXFileReference; fileEncoding = 4; lastKnownFileType = sourcecode.c.h; path = ofxCvConstants.h; sourceTree = "<group>"; };
		8C70C230148D47A800079CA0 /* ofxCvContourFinder.cpp */ = {isa = PBXFileReference; fileEncoding = 4; lastKnownFileType = sourcecode.cpp.cpp; path = ofxCvContourFinder.cpp; sourceTree = "<group>"; };
		8C70C231148D47A800079CA0 /* ofxCvContourFinder.h */ = {isa = PBXFileReference; fileEncoding = 4; lastKnownFileType = sourcecode.c.h; path = ofxCvContourFinder.h; sourceTree = "<group>"; };
		8C70C232148D47A800079CA0 /* ofxCvFloatImage.cpp */ = {isa = PBXFileReference; fileEncoding = 4; lastKnownFileType = sourcecode.cpp.cpp; path = ofxCvFloatImage.cpp; sourceTree = "<group>"; };
		8C70C233148D47A800079CA0 /* ofxCvFloatImage.h */ = {isa = PBXFileReference; fileEncoding = 4; lastKnownFileType = sourcecode.c.h; path = ofxCvFloatImage.h; sourceTree = "<group>"; };
		8C70C234148D47A800079CA0 /* ofxCvGrayscaleImage.cpp */ = {isa = PBXFileReference; fileEncoding = 4; lastKnownFileType = sourcecode.cpp.cpp; path = ofxCvGrayscaleImage.cpp; sourceTree = "<group>"; };
		8C70C235148D47A800079CA0 /* ofxCvGrayscaleImage.h */ = {isa = PBXFileReference; fileEncoding = 4; lastKnownFileType = sourcecode.c.h; path = ofxCvGrayscaleImage.h; sourceTree = "<group>"; };
		8C70C236148D47A800079CA0 /* ofxCvHaarFinder.cpp */ = {isa = PBXFileReference; fileEncoding = 4; lastKnownFileType = sourcecode.cpp.cpp; path = ofxCvHaarFinder.cpp; sourceTree = "<group>"; };
		8C70C237148D47A800079CA0 /* ofxCvHaarFinder.h */ = {isa = PBXFileReference; fileEncoding = 4; lastKnownFileType = sourcecode.c.h; path = ofxCvHaarFinder.h; sourceTree = "<group>"; };
		8C70C238148D47A800079CA0 /* ofxCvImage.cpp */ = {isa = PBXFileReference; fileEncoding = 4; lastKnownFileType = sourcecode.cpp.cpp; path = ofxCvImage.cpp; sourceTree = "<group>"; };
		8C70C239148D47A800079CA0 /* ofxCvImage.h */ = {isa = PBXFileReference; fileEncoding = 4; lastKnownFileType = sourcecode.c.h; path = ofxCvImage.h; sourceTree = "<group>"; };
		8C70C23A148D47A800079CA0 /* ofxCvMain.h */ = {isa = PBXFileReference; fileEncoding = 4; lastKnownFileType = sourcecode.c.h; path = ofxCvMain.h; sourceTree = "<group>"; };
		8C70C23B148D47A800079CA0 /* ofxCvShortImage.cpp */ = {isa = PBXFileReference; fileEncoding = 4; lastKnownFileType = sourcecode.cpp.cpp; path = ofxCvShortImage.cpp; sourceTree = "<group>"; };
		8C70C23C148D47A800079CA0 /* ofxCvShortImage.h */ = {isa = PBXFileReference; fileEncoding = 4; lastKnownFileType = sourcecode.c.h; path = ofxCvShortImage.h; sourceTree = "<group>"; };
		8C70C23D148D47A800079CA0 /* ofxOpenCv.h */ = {isa = PBXFileReference; fileEncoding = 4; lastKnownFileType = sourcecode.c.h; path = ofxOpenCv.h; sourceTree = "<group>"; };
		8C70C25D148D494D00079CA0 /* testApp.h */ = {isa = PBXFileReference; fileEncoding = 4; lastKnownFileType = sourcecode.c.h; path = testApp.h; sourceTree = "<group>"; };
		8C70C289148D4E8A00079CA0 /* ofxMatrix3x3.h */ = {isa = PBXFileReference; fileEncoding = 4; lastKnownFileType = sourcecode.c.h; path = ofxMatrix3x3.h; sourceTree = "<group>"; };
		8C70C28A148D4E8A00079CA0 /* ofxMatrix4x4.h */ = {isa = PBXFileReference; fileEncoding = 4; lastKnownFileType = sourcecode.c.h; path = ofxMatrix4x4.h; sourceTree = "<group>"; };
		8C70C28B148D4E8A00079CA0 /* ofxPoint2f.h */ = {isa = PBXFileReference; fileEncoding = 4; lastKnownFileType = sourcecode.c.h; path = ofxPoint2f.h; sourceTree = "<group>"; };
		8C70C28C148D4E8A00079CA0 /* ofxPoint3f.h */ = {isa = PBXFileReference; fileEncoding = 4; lastKnownFileType = sourcecode.c.h; path = ofxPoint3f.h; sourceTree = "<group>"; };
		8C70C28D148D4E8A00079CA0 /* ofxPoint4f.h */ = {isa = PBXFileReference; fileEncoding = 4; lastKnownFileType = sourcecode.c.h; path = ofxPoint4f.h; sourceTree = "<group>"; };
		8C70C28E148D4E8A00079CA0 /* ofxQuaternion.h */ = {isa = PBXFileReference; fileEncoding = 4; lastKnownFileType = sourcecode.c.h; path = ofxQuaternion.h; sourceTree = "<group>"; };
		8C70C28F148D4E8A00079CA0 /* ofxVec2f.h */ = {isa = PBXFileReference; fileEncoding = 4; lastKnownFileType = sourcecode.c.h; path = ofxVec2f.h; sourceTree = "<group>"; };
		8C70C290148D4E8A00079CA0 /* ofxVec3f.h */ = {isa = PBXFileReference; fileEncoding = 4; lastKnownFileType = sourcecode.c.h; path = ofxVec3f.h; sourceTree = "<group>"; };
		8C70C291148D4E8A00079CA0 /* ofxVec4f.h */ = {isa = PBXFileReference; fileEncoding = 4; lastKnownFileType = sourcecode.c.h; path = ofxVec4f.h; sourceTree = "<group>"; };
		8C70C292148D4E8A00079CA0 /* ofxVectorMath.h */ = {isa = PBXFileReference; fileEncoding = 4; lastKnownFileType = sourcecode.c.h; path = ofxVectorMath.h; sourceTree = "<group>"; };
		8C70C2F9148D53C200079CA0 /* ar.h */ = {isa = PBXFileReference; fileEncoding = 4; lastKnownFileType = sourcecode.c.h; path = ar.h; sourceTree = "<group>"; };
		8C70C2FA148D53C200079CA0 /* arBitFieldPattern.h */ = {isa = PBXFileReference; fileEncoding = 4; lastKnownFileType = sourcecode.c.h; path = arBitFieldPattern.h; sourceTree = "<group>"; };
		8C70C2FB148D53C200079CA0 /* arMulti.h */ = {isa = PBXFileReference; fileEncoding = 4; lastKnownFileType = sourcecode.c.h; path = arMulti.h; sourceTree = "<group>"; };
		8C70C2FC148D53C200079CA0 /* ARToolKitPlus.h */ = {isa = PBXFileReference; fileEncoding = 4; lastKnownFileType = sourcecode.c.h; path = ARToolKitPlus.h; sourceTree = "<group>"; };
		8C70C2FD148D53C200079CA0 /* byteSwap.h */ = {isa = PBXFileReference; fileEncoding = 4; lastKnownFileType = sourcecode.c.h; path = byteSwap.h; sourceTree = "<group>"; };
		8C70C2FE148D53C200079CA0 /* Camera.h */ = {isa = PBXFileReference; fileEncoding = 4; lastKnownFileType = sourcecode.c.h; path = Camera.h; sourceTree = "<group>"; };
		8C70C2FF148D53C200079CA0 /* CameraAdvImpl.h */ = {isa = PBXFileReference; fileEncoding = 4; lastKnownFileType = sourcecode.c.h; path = CameraAdvImpl.h; sourceTree = "<group>"; };
		8C70C300148D53C200079CA0 /* CameraFactory.h */ = {isa = PBXFileReference; fileEncoding = 4; lastKnownFileType = sourcecode.c.h; path = CameraFactory.h; sourceTree = "<group>"; };
		8C70C301148D53C200079CA0 /* CameraImpl.h */ = {isa = PBXFileReference; fileEncoding = 4; lastKnownFileType = sourcecode.c.h; path = CameraImpl.h; sourceTree = "<group>"; };
		8C70C302148D53C200079CA0 /* config.h */ = {isa = PBXFileReference; fileEncoding = 4; lastKnownFileType = sourcecode.c.h; path = config.h; sourceTree = "<group>"; };
		8C70C304148D53C200079CA0 /* BCH.h */ = {isa = PBXFileReference; fileEncoding = 4; lastKnownFileType = sourcecode.c.h; path = BCH.h; sourceTree = "<group>"; };
		8C70C305148D53C200079CA0 /* GPP.h */ = {isa = PBXFileReference; fileEncoding = 4; lastKnownFileType = sourcecode.c.h; path = GPP.h; sourceTree = "<group>"; };
		8C70C306148D53C200079CA0 /* Profiler.h */ = {isa = PBXFileReference; fileEncoding = 4; lastKnownFileType = sourcecode.c.h; path = Profiler.h; sourceTree = "<group>"; };
		8C70C307148D53C200079CA0 /* rpp.h */ = {isa = PBXFileReference; fileEncoding = 4; lastKnownFileType = sourcecode.c.h; path = rpp.h; sourceTree = "<group>"; };
		8C70C308148D53C200079CA0 /* ImageGrabber.h */ = {isa = PBXFileReference; fileEncoding = 4; lastKnownFileType = sourcecode.c.h; path = ImageGrabber.h; sourceTree = "<group>"; };
		8C70C309148D53C200079CA0 /* Logger.h */ = {isa = PBXFileReference; fileEncoding = 4; lastKnownFileType = sourcecode.c.h; path = Logger.h; sourceTree = "<group>"; };
		8C70C30A148D53C200079CA0 /* matrix.h */ = {isa = PBXFileReference; fileEncoding = 4; lastKnownFileType = sourcecode.c.h; path = matrix.h; sourceTree = "<group>"; };
		8C70C30B148D53C200079CA0 /* MemoryManager.h */ = {isa = PBXFileReference; fileEncoding = 4; lastKnownFileType = sourcecode.c.h; path = MemoryManager.h; sourceTree = "<group>"; };
		8C70C30C148D53C200079CA0 /* MemoryManagerMemMap.h */ = {isa = PBXFileReference; fileEncoding = 4; lastKnownFileType = sourcecode.c.h; path = MemoryManagerMemMap.h; sourceTree = "<group>"; };
		8C70C30D148D53C200079CA0 /* param.h */ = {isa = PBXFileReference; fileEncoding = 4; lastKnownFileType = sourcecode.c.h; path = param.h; sourceTree = "<group>"; };
		8C70C30E148D53C200079CA0 /* Tracker.h */ = {isa = PBXFileReference; fileEncoding = 4; lastKnownFileType = sourcecode.c.h; path = Tracker.h; sourceTree = "<group>"; };
		8C70C30F148D53C200079CA0 /* TrackerImpl.h */ = {isa = PBXFileReference; fileEncoding = 4; lastKnownFileType = sourcecode.c.h; path = TrackerImpl.h; sourceTree = "<group>"; };
		8C70C310148D53C200079CA0 /* TrackerMultiMarker.h */ = {isa = PBXFileReference; fileEncoding = 4; lastKnownFileType = sourcecode.c.h; path = TrackerMultiMarker.h; sourceTree = "<group>"; };
		8C70C311148D53C200079CA0 /* TrackerMultiMarkerImpl.h */ = {isa = PBXFileReference; fileEncoding = 4; lastKnownFileType = sourcecode.c.h; path = TrackerMultiMarkerImpl.h; sourceTree = "<group>"; };
		8C70C312148D53C200079CA0 /* TrackerSingleMarker.h */ = {isa = PBXFileReference; fileEncoding = 4; lastKnownFileType = sourcecode.c.h; path = TrackerSingleMarker.h; sourceTree = "<group>"; };
		8C70C313148D53C200079CA0 /* TrackerSingleMarkerImpl.h */ = {isa = PBXFileReference; fileEncoding = 4; lastKnownFileType = sourcecode.c.h; path = TrackerSingleMarkerImpl.h; sourceTree = "<group>"; };
		8C70C314148D53C200079CA0 /* vector.h */ = {isa = PBXFileReference; fileEncoding = 4; lastKnownFileType = sourcecode.c.h; path = vector.h; sourceTree = "<group>"; };
		8C70C316148D53C200079CA0 /* ARTK_Plus.a */ = {isa = PBXFileReference; lastKnownFileType = archive.ar; path = ARTK_Plus.a; sourceTree = "<group>"; };
		8C70C351148D53C200079CA0 /* ofxARToolkitPlus.cpp */ = {isa = PBXFileReference; fileEncoding = 4; lastKnownFileType = sourcecode.cpp.cpp; path = ofxARToolkitPlus.cpp; sourceTree = "<group>"; };
		8C70C352148D53C200079CA0 /* ofxARToolkitPlus.h */ = {isa = PBXFileReference; fileEncoding = 4; lastKnownFileType = sourcecode.c.h; path = ofxARToolkitPlus.h; sourceTree = "<group>"; };
		BBAB23BE13894E4700AA2426 /* GLUT.framework */ = {isa = PBXFileReference; lastKnownFileType = wrapper.framework; name = GLUT.framework; path = ../../../libs/glut/lib/osx/GLUT.framework; sourceTree = "<group>"; };
		E4328143138ABC890047C5CB /* openFrameworksLib.xcodeproj */ = {isa = PBXFileReference; lastKnownFileType = "wrapper.pb-project"; name = openFrameworksLib.xcodeproj; path = ../../../libs/openFrameworksCompiled/project/osx/openFrameworksLib.xcodeproj; sourceTree = SOURCE_ROOT; };
		E45BE9710E8CC7DD009D7055 /* AGL.framework */ = {isa = PBXFileReference; lastKnownFileType = wrapper.framework; name = AGL.framework; path = /System/Library/Frameworks/AGL.framework; sourceTree = "<absolute>"; };
		E45BE9720E8CC7DD009D7055 /* ApplicationServices.framework */ = {isa = PBXFileReference; lastKnownFileType = wrapper.framework; name = ApplicationServices.framework; path = /System/Library/Frameworks/ApplicationServices.framework; sourceTree = "<absolute>"; };
		E45BE9730E8CC7DD009D7055 /* AudioToolbox.framework */ = {isa = PBXFileReference; lastKnownFileType = wrapper.framework; name = AudioToolbox.framework; path = /System/Library/Frameworks/AudioToolbox.framework; sourceTree = "<absolute>"; };
		E45BE9740E8CC7DD009D7055 /* Carbon.framework */ = {isa = PBXFileReference; lastKnownFileType = wrapper.framework; name = Carbon.framework; path = /System/Library/Frameworks/Carbon.framework; sourceTree = "<absolute>"; };
		E45BE9750E8CC7DD009D7055 /* CoreAudio.framework */ = {isa = PBXFileReference; lastKnownFileType = wrapper.framework; name = CoreAudio.framework; path = /System/Library/Frameworks/CoreAudio.framework; sourceTree = "<absolute>"; };
		E45BE9760E8CC7DD009D7055 /* CoreFoundation.framework */ = {isa = PBXFileReference; lastKnownFileType = wrapper.framework; name = CoreFoundation.framework; path = /System/Library/Frameworks/CoreFoundation.framework; sourceTree = "<absolute>"; };
		E45BE9770E8CC7DD009D7055 /* CoreServices.framework */ = {isa = PBXFileReference; lastKnownFileType = wrapper.framework; name = CoreServices.framework; path = /System/Library/Frameworks/CoreServices.framework; sourceTree = "<absolute>"; };
		E45BE9790E8CC7DD009D7055 /* OpenGL.framework */ = {isa = PBXFileReference; lastKnownFileType = wrapper.framework; name = OpenGL.framework; path = /System/Library/Frameworks/OpenGL.framework; sourceTree = "<absolute>"; };
		E45BE97A0E8CC7DD009D7055 /* QuickTime.framework */ = {isa = PBXFileReference; lastKnownFileType = wrapper.framework; name = QuickTime.framework; path = /System/Library/Frameworks/QuickTime.framework; sourceTree = "<absolute>"; };
		E4B69B5B0A3A1756003C02F2 /* PodporaTechnikyAssimpLoader.app */ = {isa = PBXFileReference; explicitFileType = wrapper.application; includeInIndex = 0; path = PodporaTechnikyAssimpLoader.app; sourceTree = BUILT_PRODUCTS_DIR; };
		E4B6FCAD0C3E899E008CF71C /* openFrameworks-Info.plist */ = {isa = PBXFileReference; fileEncoding = 30; lastKnownFileType = text.plist.xml; path = "openFrameworks-Info.plist"; sourceTree = "<group>"; };
		E4C2424410CC5A17004149E2 /* AppKit.framework */ = {isa = PBXFileReference; lastKnownFileType = wrapper.framework; name = AppKit.framework; path = /System/Library/Frameworks/AppKit.framework; sourceTree = "<absolute>"; };
		E4C2424510CC5A17004149E2 /* Cocoa.framework */ = {isa = PBXFileReference; lastKnownFileType = wrapper.framework; name = Cocoa.framework; path = /System/Library/Frameworks/Cocoa.framework; sourceTree = "<absolute>"; };
		E4C2424610CC5A17004149E2 /* IOKit.framework */ = {isa = PBXFileReference; lastKnownFileType = wrapper.framework; name = IOKit.framework; path = /System/Library/Frameworks/IOKit.framework; sourceTree = "<absolute>"; };
		E4EB691F138AFCF100A09F29 /* CoreOF.xcconfig */ = {isa = PBXFileReference; fileEncoding = 4; lastKnownFileType = text.xcconfig; name = CoreOF.xcconfig; path = ../../../libs/openFrameworksCompiled/project/osx/CoreOF.xcconfig; sourceTree = SOURCE_ROOT; };
		E4EB6923138AFD0F00A09F29 /* Project.xcconfig */ = {isa = PBXFileReference; fileEncoding = 4; lastKnownFileType = text.xcconfig; path = Project.xcconfig; sourceTree = "<group>"; };
/* End PBXFileReference section */

/* Begin PBXFrameworksBuildPhase section */
		E4B69B590A3A1756003C02F2 /* Frameworks */ = {
			isa = PBXFrameworksBuildPhase;
			buildActionMask = 2147483647;
			files = (
				E4EB6799138ADC1D00A09F29 /* GLUT.framework in Frameworks */,
				E4328149138ABC9F0047C5CB /* openFrameworksDebug.a in Frameworks */,
				E45BE97B0E8CC7DD009D7055 /* AGL.framework in Frameworks */,
				E45BE97C0E8CC7DD009D7055 /* ApplicationServices.framework in Frameworks */,
				E45BE97D0E8CC7DD009D7055 /* AudioToolbox.framework in Frameworks */,
				E45BE97E0E8CC7DD009D7055 /* Carbon.framework in Frameworks */,
				E45BE97F0E8CC7DD009D7055 /* CoreAudio.framework in Frameworks */,
				E45BE9800E8CC7DD009D7055 /* CoreFoundation.framework in Frameworks */,
				E45BE9810E8CC7DD009D7055 /* CoreServices.framework in Frameworks */,
				E45BE9830E8CC7DD009D7055 /* OpenGL.framework in Frameworks */,
				E45BE9840E8CC7DD009D7055 /* QuickTime.framework in Frameworks */,
				E4C2424710CC5A17004149E2 /* AppKit.framework in Frameworks */,
				E4C2424810CC5A17004149E2 /* Cocoa.framework in Frameworks */,
				E4C2424910CC5A17004149E2 /* IOKit.framework in Frameworks */,
				8C70C23E148D47A800079CA0 /* opencv.a in Frameworks */,
				8C70C357148D53C200079CA0 /* ARTK_Plus.a in Frameworks */,
			);
			runOnlyForDeploymentPostprocessing = 0;
		};
/* End PBXFrameworksBuildPhase section */

/* Begin PBXGroup section */
		8C266A3B14840047001223C7 /* src */ = {
			isa = PBXGroup;
			children = (
				8C266A3714840047001223C7 /* ofx3DBaseLoader.h */,
				8C266A3814840047001223C7 /* ofxAssimpModelLoader.cpp */,
				8C266A3914840047001223C7 /* ofxAssimpMeshHelper.h */,
				8C266A3A14840047001223C7 /* ofxAssimpModelLoader.h */,
			);
			name = src;
			sourceTree = "<group>";
		};
		8C266A3C14840047001223C7 /* ofxAssimpModelLoader */ = {
			isa = PBXGroup;
			children = (
				8C266A3B14840047001223C7 /* src */,
			);
			name = ofxAssimpModelLoader;
			sourceTree = "<group>";
		};
		8C70C1C2148D478C00079CA0 /* ofx3DModelLoader */ = {
			isa = PBXGroup;
			children = (
				8C70C1C3148D478C00079CA0 /* install.xml */,
				8C70C1C4148D478C00079CA0 /* src */,
			);
			name = ofx3DModelLoader;
			path = ../../../addons/ofx3DModelLoader;
			sourceTree = SOURCE_ROOT;
		};
		8C70C1C4148D478C00079CA0 /* src */ = {
			isa = PBXGroup;
			children = (
				8C70C1C5148D478C00079CA0 /* 3DS */,
				8C70C1CB148D478C00079CA0 /* ofx3DBaseLoader.h */,
				8C70C1CC148D478C00079CA0 /* ofx3dModelLoader.cpp */,
				8C70C1CD148D478C00079CA0 /* ofx3DModelLoader.h */,
			);
			path = src;
			sourceTree = "<group>";
		};
		8C70C1C5148D478C00079CA0 /* 3DS */ = {
			isa = PBXGroup;
			children = (
				8C70C1C6148D478C00079CA0 /* model3DS.cpp */,
				8C70C1C7148D478C00079CA0 /* model3DS.h */,
				8C70C1C8148D478C00079CA0 /* texture3DS.cpp */,
				8C70C1C9148D478C00079CA0 /* texture3DS.h */,
				8C70C1CA148D478C00079CA0 /* Vector3DS.h */,
			);
			path = 3DS;
			sourceTree = "<group>";
		};
		8C70C1D3148D47A800079CA0 /* ofxOpenCv */ = {
			isa = PBXGroup;
			children = (
				8C70C1D4148D47A800079CA0 /* install.xml */,
				8C70C1D5148D47A800079CA0 /* libs */,
				8C70C22B148D47A800079CA0 /* src */,
			);
			name = ofxOpenCv;
			path = ../../../addons/ofxOpenCv;
			sourceTree = SOURCE_ROOT;
		};
		8C70C1D5148D47A800079CA0 /* libs */ = {
			isa = PBXGroup;
			children = (
				8C70C1D6148D47A800079CA0 /* opencv */,
			);
			path = libs;
			sourceTree = "<group>";
		};
		8C70C1D6148D47A800079CA0 /* opencv */ = {
			isa = PBXGroup;
			children = (
				8C70C1D7148D47A800079CA0 /* include */,
				8C70C228148D47A800079CA0 /* lib */,
			);
			path = opencv;
			sourceTree = "<group>";
		};
		8C70C1D7148D47A800079CA0 /* include */ = {
			isa = PBXGroup;
			children = (
				8C70C1D8148D47A800079CA0 /* opencv */,
				8C70C1E4148D47A800079CA0 /* opencv2 */,
			);
			path = include;
			sourceTree = "<group>";
		};
		8C70C1D8148D47A800079CA0 /* opencv */ = {
			isa = PBXGroup;
			children = (
				8C70C1D9148D47A800079CA0 /* cv.h */,
				8C70C1DA148D47A800079CA0 /* cv.hpp */,
				8C70C1DB148D47A800079CA0 /* cvaux.h */,
				8C70C1DC148D47A800079CA0 /* cvaux.hpp */,
				8C70C1DD148D47A800079CA0 /* cvwimage.h */,
				8C70C1DE148D47A800079CA0 /* cxcore.h */,
				8C70C1DF148D47A800079CA0 /* cxcore.hpp */,
				8C70C1E0148D47A800079CA0 /* cxeigen.hpp */,
				8C70C1E1148D47A800079CA0 /* cxmisc.h */,
				8C70C1E2148D47A800079CA0 /* highgui.h */,
				8C70C1E3148D47A800079CA0 /* ml.h */,
			);
			path = opencv;
			sourceTree = "<group>";
		};
		8C70C1E4148D47A800079CA0 /* opencv2 */ = {
			isa = PBXGroup;
			children = (
				8C70C1E5148D47A800079CA0 /* calib3d */,
				8C70C1E7148D47A800079CA0 /* contrib */,
				8C70C1E9148D47A800079CA0 /* core */,
				8C70C1F3148D47A800079CA0 /* features2d */,
				8C70C1F5148D47A800079CA0 /* flann */,
				8C70C20F148D47A800079CA0 /* gpu */,
				8C70C214148D47A800079CA0 /* highgui */,
				8C70C217148D47A800079CA0 /* imgproc */,
				8C70C21B148D47A800079CA0 /* legacy */,
				8C70C220148D47A800079CA0 /* ml */,
				8C70C222148D47A800079CA0 /* objdetect */,
				8C70C224148D47A800079CA0 /* opencv.hpp */,
				8C70C225148D47A800079CA0 /* video */,
			);
			path = opencv2;
			sourceTree = "<group>";
		};
		8C70C1E5148D47A800079CA0 /* calib3d */ = {
			isa = PBXGroup;
			children = (
				8C70C1E6148D47A800079CA0 /* calib3d.hpp */,
			);
			path = calib3d;
			sourceTree = "<group>";
		};
		8C70C1E7148D47A800079CA0 /* contrib */ = {
			isa = PBXGroup;
			children = (
				8C70C1E8148D47A800079CA0 /* contrib.hpp */,
			);
			path = contrib;
			sourceTree = "<group>";
		};
		8C70C1E9148D47A800079CA0 /* core */ = {
			isa = PBXGroup;
			children = (
				8C70C1EA148D47A800079CA0 /* core.hpp */,
				8C70C1EB148D47A800079CA0 /* core_c.h */,
				8C70C1EC148D47A800079CA0 /* eigen.hpp */,
				8C70C1ED148D47A800079CA0 /* internal.hpp */,
				8C70C1EE148D47A800079CA0 /* mat.hpp */,
				8C70C1EF148D47A800079CA0 /* operations.hpp */,
				8C70C1F0148D47A800079CA0 /* types_c.h */,
				8C70C1F1148D47A800079CA0 /* version.hpp */,
				8C70C1F2148D47A800079CA0 /* wimage.hpp */,
			);
			path = core;
			sourceTree = "<group>";
		};
		8C70C1F3148D47A800079CA0 /* features2d */ = {
			isa = PBXGroup;
			children = (
				8C70C1F4148D47A800079CA0 /* features2d.hpp */,
			);
			path = features2d;
			sourceTree = "<group>";
		};
		8C70C1F5148D47A800079CA0 /* flann */ = {
			isa = PBXGroup;
			children = (
				8C70C1F6148D47A800079CA0 /* all_indices.h */,
				8C70C1F7148D47A800079CA0 /* allocator.h */,
				8C70C1F8148D47A800079CA0 /* autotuned_index.h */,
				8C70C1F9148D47A800079CA0 /* composite_index.h */,
				8C70C1FA148D47A800079CA0 /* dist.h */,
				8C70C1FB148D47A800079CA0 /* flann.hpp */,
				8C70C1FC148D47A800079CA0 /* flann_base.hpp */,
				8C70C1FD148D47A800079CA0 /* general.h */,
				8C70C1FE148D47A800079CA0 /* ground_truth.h */,
				8C70C1FF148D47A800079CA0 /* hdf5.h */,
				8C70C200148D47A800079CA0 /* heap.h */,
				8C70C201148D47A800079CA0 /* index_testing.h */,
				8C70C202148D47A800079CA0 /* kdtree_index.h */,
				8C70C203148D47A800079CA0 /* kmeans_index.h */,
				8C70C204148D47A800079CA0 /* linear_index.h */,
				8C70C205148D47A800079CA0 /* logger.h */,
				8C70C206148D47A800079CA0 /* matrix.h */,
				8C70C207148D47A800079CA0 /* nn_index.h */,
				8C70C208148D47A800079CA0 /* object_factory.h */,
				8C70C209148D47A800079CA0 /* random.h */,
				8C70C20A148D47A800079CA0 /* result_set.h */,
				8C70C20B148D47A800079CA0 /* sampling.h */,
				8C70C20C148D47A800079CA0 /* saving.h */,
				8C70C20D148D47A800079CA0 /* simplex_downhill.h */,
				8C70C20E148D47A800079CA0 /* timer.h */,
			);
			path = flann;
			sourceTree = "<group>";
		};
		8C70C20F148D47A800079CA0 /* gpu */ = {
			isa = PBXGroup;
			children = (
				8C70C210148D47A800079CA0 /* devmem2d.hpp */,
				8C70C211148D47A800079CA0 /* gpu.hpp */,
				8C70C212148D47A800079CA0 /* matrix_operations.hpp */,
				8C70C213148D47A800079CA0 /* stream_accessor.hpp */,
			);
			path = gpu;
			sourceTree = "<group>";
		};
		8C70C214148D47A800079CA0 /* highgui */ = {
			isa = PBXGroup;
			children = (
				8C70C215148D47A800079CA0 /* highgui.hpp */,
				8C70C216148D47A800079CA0 /* highgui_c.h */,
			);
			path = highgui;
			sourceTree = "<group>";
		};
		8C70C217148D47A800079CA0 /* imgproc */ = {
			isa = PBXGroup;
			children = (
				8C70C218148D47A800079CA0 /* imgproc.hpp */,
				8C70C219148D47A800079CA0 /* imgproc_c.h */,
				8C70C21A148D47A800079CA0 /* types_c.h */,
			);
			path = imgproc;
			sourceTree = "<group>";
		};
		8C70C21B148D47A800079CA0 /* legacy */ = {
			isa = PBXGroup;
			children = (
				8C70C21C148D47A800079CA0 /* blobtrack.hpp */,
				8C70C21D148D47A800079CA0 /* compat.hpp */,
				8C70C21E148D47A800079CA0 /* legacy.hpp */,
				8C70C21F148D47A800079CA0 /* streams.hpp */,
			);
			path = legacy;
			sourceTree = "<group>";
		};
		8C70C220148D47A800079CA0 /* ml */ = {
			isa = PBXGroup;
			children = (
				8C70C221148D47A800079CA0 /* ml.hpp */,
			);
			path = ml;
			sourceTree = "<group>";
		};
		8C70C222148D47A800079CA0 /* objdetect */ = {
			isa = PBXGroup;
			children = (
				8C70C223148D47A800079CA0 /* objdetect.hpp */,
			);
			path = objdetect;
			sourceTree = "<group>";
		};
		8C70C225148D47A800079CA0 /* video */ = {
			isa = PBXGroup;
			children = (
				8C70C226148D47A800079CA0 /* background_segm.hpp */,
				8C70C227148D47A800079CA0 /* tracking.hpp */,
			);
			path = video;
			sourceTree = "<group>";
		};
		8C70C228148D47A800079CA0 /* lib */ = {
			isa = PBXGroup;
			children = (
				8C70C229148D47A800079CA0 /* osx */,
			);
			path = lib;
			sourceTree = "<group>";
		};
		8C70C229148D47A800079CA0 /* osx */ = {
			isa = PBXGroup;
			children = (
				8C70C22A148D47A800079CA0 /* opencv.a */,
			);
			path = osx;
			sourceTree = "<group>";
		};
		8C70C22B148D47A800079CA0 /* src */ = {
			isa = PBXGroup;
			children = (
				8C70C22C148D47A800079CA0 /* ofxCvBlob.h */,
				8C70C22D148D47A800079CA0 /* ofxCvColorImage.cpp */,
				8C70C22E148D47A800079CA0 /* ofxCvColorImage.h */,
				8C70C22F148D47A800079CA0 /* ofxCvConstants.h */,
				8C70C230148D47A800079CA0 /* ofxCvContourFinder.cpp */,
				8C70C231148D47A800079CA0 /* ofxCvContourFinder.h */,
				8C70C232148D47A800079CA0 /* ofxCvFloatImage.cpp */,
				8C70C233148D47A800079CA0 /* ofxCvFloatImage.h */,
				8C70C234148D47A800079CA0 /* ofxCvGrayscaleImage.cpp */,
				8C70C235148D47A800079CA0 /* ofxCvGrayscaleImage.h */,
				8C70C236148D47A800079CA0 /* ofxCvHaarFinder.cpp */,
				8C70C237148D47A800079CA0 /* ofxCvHaarFinder.h */,
				8C70C238148D47A800079CA0 /* ofxCvImage.cpp */,
				8C70C239148D47A800079CA0 /* ofxCvImage.h */,
				8C70C23A148D47A800079CA0 /* ofxCvMain.h */,
				8C70C23B148D47A800079CA0 /* ofxCvShortImage.cpp */,
				8C70C23C148D47A800079CA0 /* ofxCvShortImage.h */,
				8C70C23D148D47A800079CA0 /* ofxOpenCv.h */,
			);
			path = src;
			sourceTree = "<group>";
		};
		8C70C287148D4E8A00079CA0 /* ofxVectorMath */ = {
			isa = PBXGroup;
			children = (
				8C70C288148D4E8A00079CA0 /* src */,
			);
			name = ofxVectorMath;
			path = ../../../addons/ofxVectorMath;
			sourceTree = SOURCE_ROOT;
		};
		8C70C288148D4E8A00079CA0 /* src */ = {
			isa = PBXGroup;
			children = (
				8C70C289148D4E8A00079CA0 /* ofxMatrix3x3.h */,
				8C70C28A148D4E8A00079CA0 /* ofxMatrix4x4.h */,
				8C70C28B148D4E8A00079CA0 /* ofxPoint2f.h */,
				8C70C28C148D4E8A00079CA0 /* ofxPoint3f.h */,
				8C70C28D148D4E8A00079CA0 /* ofxPoint4f.h */,
				8C70C28E148D4E8A00079CA0 /* ofxQuaternion.h */,
				8C70C28F148D4E8A00079CA0 /* ofxVec2f.h */,
				8C70C290148D4E8A00079CA0 /* ofxVec3f.h */,
				8C70C291148D4E8A00079CA0 /* ofxVec4f.h */,
				8C70C292148D4E8A00079CA0 /* ofxVectorMath.h */,
			);
			path = src;
			sourceTree = "<group>";
		};
		8C70C2F6148D53C200079CA0 /* ofxARToolkitPlus */ = {
			isa = PBXGroup;
			children = (
				8C70C2F7148D53C200079CA0 /* include */,
				8C70C315148D53C200079CA0 /* lib */,
				8C70C317148D53C200079CA0 /* src */,
			);
			name = ofxARToolkitPlus;
			path = ../../../addons/ofxARToolkitPlus;
			sourceTree = SOURCE_ROOT;
		};
		8C70C2F7148D53C200079CA0 /* include */ = {
			isa = PBXGroup;
			children = (
				8C70C2F8148D53C200079CA0 /* ARToolKitPlus */,
			);
			path = include;
			sourceTree = "<group>";
		};
		8C70C2F8148D53C200079CA0 /* ARToolKitPlus */ = {
			isa = PBXGroup;
			children = (
				8C70C2F9148D53C200079CA0 /* ar.h */,
				8C70C2FA148D53C200079CA0 /* arBitFieldPattern.h */,
				8C70C2FB148D53C200079CA0 /* arMulti.h */,
				8C70C2FC148D53C200079CA0 /* ARToolKitPlus.h */,
				8C70C2FD148D53C200079CA0 /* byteSwap.h */,
				8C70C2FE148D53C200079CA0 /* Camera.h */,
				8C70C2FF148D53C200079CA0 /* CameraAdvImpl.h */,
				8C70C300148D53C200079CA0 /* CameraFactory.h */,
				8C70C301148D53C200079CA0 /* CameraImpl.h */,
				8C70C302148D53C200079CA0 /* config.h */,
				8C70C303148D53C200079CA0 /* extra */,
				8C70C308148D53C200079CA0 /* ImageGrabber.h */,
				8C70C309148D53C200079CA0 /* Logger.h */,
				8C70C30A148D53C200079CA0 /* matrix.h */,
				8C70C30B148D53C200079CA0 /* MemoryManager.h */,
				8C70C30C148D53C200079CA0 /* MemoryManagerMemMap.h */,
				8C70C30D148D53C200079CA0 /* param.h */,
				8C70C30E148D53C200079CA0 /* Tracker.h */,
				8C70C30F148D53C200079CA0 /* TrackerImpl.h */,
				8C70C310148D53C200079CA0 /* TrackerMultiMarker.h */,
				8C70C311148D53C200079CA0 /* TrackerMultiMarkerImpl.h */,
				8C70C312148D53C200079CA0 /* TrackerSingleMarker.h */,
				8C70C313148D53C200079CA0 /* TrackerSingleMarkerImpl.h */,
				8C70C314148D53C200079CA0 /* vector.h */,
			);
			path = ARToolKitPlus;
			sourceTree = "<group>";
		};
		8C70C303148D53C200079CA0 /* extra */ = {
			isa = PBXGroup;
			children = (
				8C70C304148D53C200079CA0 /* BCH.h */,
				8C70C305148D53C200079CA0 /* GPP.h */,
				8C70C306148D53C200079CA0 /* Profiler.h */,
				8C70C307148D53C200079CA0 /* rpp.h */,
			);
			path = extra;
			sourceTree = "<group>";
		};
		8C70C315148D53C200079CA0 /* lib */ = {
			isa = PBXGroup;
			children = (
				8C70C316148D53C200079CA0 /* ARTK_Plus.a */,
			);
			path = lib;
			sourceTree = "<group>";
		};
		8C70C317148D53C200079CA0 /* src */ = {
			isa = PBXGroup;
			children = (
				8C70C351148D53C200079CA0 /* ofxARToolkitPlus.cpp */,
				8C70C352148D53C200079CA0 /* ofxARToolkitPlus.h */,
			);
			path = src;
			sourceTree = "<group>";
		};
		BB4B014C10F69532006C3DED /* addons */ = {
			isa = PBXGroup;
			children = (
				8C70C2F6148D53C200079CA0 /* ofxARToolkitPlus */,
				8C70C287148D4E8A00079CA0 /* ofxVectorMath */,
				8C70C1D3148D47A800079CA0 /* ofxOpenCv */,
				8C70C1C2148D478C00079CA0 /* ofx3DModelLoader */,
				8C266A3C14840047001223C7 /* ofxAssimpModelLoader */,
			);
			name = addons;
			sourceTree = "<group>";
		};
		BBAB23C913894ECA00AA2426 /* system frameworks */ = {
			isa = PBXGroup;
			children = (
				E4C2424410CC5A17004149E2 /* AppKit.framework */,
				E4C2424510CC5A17004149E2 /* Cocoa.framework */,
				E4C2424610CC5A17004149E2 /* IOKit.framework */,
				E45BE9710E8CC7DD009D7055 /* AGL.framework */,
				E45BE9720E8CC7DD009D7055 /* ApplicationServices.framework */,
				E45BE9730E8CC7DD009D7055 /* AudioToolbox.framework */,
				E45BE9740E8CC7DD009D7055 /* Carbon.framework */,
				E45BE9750E8CC7DD009D7055 /* CoreAudio.framework */,
				E45BE9760E8CC7DD009D7055 /* CoreFoundation.framework */,
				E45BE9770E8CC7DD009D7055 /* CoreServices.framework */,
				E45BE9790E8CC7DD009D7055 /* OpenGL.framework */,
				E45BE97A0E8CC7DD009D7055 /* QuickTime.framework */,
			);
			name = "system frameworks";
			sourceTree = "<group>";
		};
		BBAB23CA13894EDB00AA2426 /* 3rd party frameworks */ = {
			isa = PBXGroup;
			children = (
				BBAB23BE13894E4700AA2426 /* GLUT.framework */,
			);
			name = "3rd party frameworks";
			sourceTree = "<group>";
		};
		E4328144138ABC890047C5CB /* Products */ = {
			isa = PBXGroup;
			children = (
				E4328148138ABC890047C5CB /* openFrameworksDebug.a */,
			);
			name = Products;
			sourceTree = "<group>";
		};
		E45BE5980E8CC70C009D7055 /* frameworks */ = {
			isa = PBXGroup;
			children = (
				BBAB23CA13894EDB00AA2426 /* 3rd party frameworks */,
				BBAB23C913894ECA00AA2426 /* system frameworks */,
			);
			name = frameworks;
			sourceTree = "<group>";
		};
		E4B69B4A0A3A1720003C02F2 = {
			isa = PBXGroup;
			children = (
				E4B6FCAD0C3E899E008CF71C /* openFrameworks-Info.plist */,
				E4EB6923138AFD0F00A09F29 /* Project.xcconfig */,
				E4B69E1C0A3A1BDC003C02F2 /* src */,
				E4EEC9E9138DF44700A80321 /* openFrameworks */,
				BB4B014C10F69532006C3DED /* addons */,
				E45BE5980E8CC70C009D7055 /* frameworks */,
				E4B69B5B0A3A1756003C02F2 /* PodporaTechnikyAssimpLoader.app */,
			);
			sourceTree = "<group>";
		};
		E4B69E1C0A3A1BDC003C02F2 /* src */ = {
			isa = PBXGroup;
			children = (
				8C70C120148D470200079CA0 /* arMarkerFunctions.cpp */,
				8C70C121148D470200079CA0 /* arMedia.cpp */,
				8C70C122148D470200079CA0 /* arMedia.h */,
				8C70C123148D470200079CA0 /* arViewer.cpp */,
				8C70C124148D470200079CA0 /* arViewer.h */,
				8C70C125148D470200079CA0 /* library.cpp */,
				8C70C126148D470200079CA0 /* library.h */,
				8C70C127148D470200079CA0 /* main.cpp */,
				8C70C25D148D494D00079CA0 /* testApp.h */,
			);
			path = src;
			sourceTree = SOURCE_ROOT;
		};
		E4EEC9E9138DF44700A80321 /* openFrameworks */ = {
			isa = PBXGroup;
			children = (
				E4EB691F138AFCF100A09F29 /* CoreOF.xcconfig */,
				E4328143138ABC890047C5CB /* openFrameworksLib.xcodeproj */,
			);
			name = openFrameworks;
			sourceTree = "<group>";
		};
/* End PBXGroup section */

/* Begin PBXNativeTarget section */
		E4B69B5A0A3A1756003C02F2 /* PodporaTechnikyAssimpLoader */ = {
			isa = PBXNativeTarget;
			buildConfigurationList = E4B69B5F0A3A1757003C02F2 /* Build configuration list for PBXNativeTarget "PodporaTechnikyAssimpLoader" */;
			buildPhases = (
				E4B69B580A3A1756003C02F2 /* Sources */,
				E4B69B590A3A1756003C02F2 /* Frameworks */,
				E4B6FFFD0C3F9AB9008CF71C /* ShellScript */,
				E4C2427710CC5ABF004149E2 /* CopyFiles */,
			);
			buildRules = (
			);
			dependencies = (
				E4EEB9AC138B136A00A80321 /* PBXTargetDependency */,
			);
			name = PodporaTechnikyAssimpLoader;
			productName = myOFApp;
			productReference = E4B69B5B0A3A1756003C02F2 /* PodporaTechnikyAssimpLoader.app */;
			productType = "com.apple.product-type.application";
		};
/* End PBXNativeTarget section */

/* Begin PBXProject section */
		E4B69B4C0A3A1720003C02F2 /* Project object */ = {
			isa = PBXProject;
			buildConfigurationList = E4B69B4D0A3A1720003C02F2 /* Build configuration list for PBXProject "PodporaTechnikyAssimpLoader" */;
			compatibilityVersion = "Xcode 2.4";
			developmentRegion = English;
			hasScannedForEncodings = 0;
			knownRegions = (
				English,
				Japanese,
				French,
				German,
			);
			mainGroup = E4B69B4A0A3A1720003C02F2;
			productRefGroup = E4B69B4A0A3A1720003C02F2;
			projectDirPath = "";
			projectReferences = (
				{
					ProductGroup = E4328144138ABC890047C5CB /* Products */;
					ProjectRef = E4328143138ABC890047C5CB /* openFrameworksLib.xcodeproj */;
				},
			);
			projectRoot = "";
			targets = (
				E4B69B5A0A3A1756003C02F2 /* PodporaTechnikyAssimpLoader */,
			);
		};
/* End PBXProject section */

/* Begin PBXReferenceProxy section */
		E4328148138ABC890047C5CB /* openFrameworksDebug.a */ = {
			isa = PBXReferenceProxy;
			fileType = archive.ar;
			path = openFrameworksDebug.a;
			remoteRef = E4328147138ABC890047C5CB /* PBXContainerItemProxy */;
			sourceTree = BUILT_PRODUCTS_DIR;
		};
/* End PBXReferenceProxy section */

/* Begin PBXShellScriptBuildPhase section */
		E4B6FFFD0C3F9AB9008CF71C /* ShellScript */ = {
			isa = PBXShellScriptBuildPhase;
			buildActionMask = 2147483647;
			files = (
			);
			inputPaths = (
			);
			outputPaths = (
			);
			runOnlyForDeploymentPostprocessing = 0;
			shellPath = /bin/sh;
			shellScript = "cp -f ../../../libs/fmodex/lib/osx/libfmodex.dylib \"$TARGET_BUILD_DIR/$PRODUCT_NAME.app/Contents/MacOS/libfmodex.dylib\"; install_name_tool -change ./libfmodex.dylib @executable_path/libfmodex.dylib \"$TARGET_BUILD_DIR/$PRODUCT_NAME.app/Contents/MacOS/$PRODUCT_NAME\";";
		};
/* End PBXShellScriptBuildPhase section */

/* Begin PBXSourcesBuildPhase section */
		E4B69B580A3A1756003C02F2 /* Sources */ = {
			isa = PBXSourcesBuildPhase;
			buildActionMask = 2147483647;
			files = (
				8C266A4414840047001223C7 /* ofxAssimpModelLoader.cpp in Sources */,
				8C70C129148D470200079CA0 /* arMarkerFunctions.cpp in Sources */,
				8C70C12A148D470200079CA0 /* arMedia.cpp in Sources */,
				8C70C12B148D470200079CA0 /* arViewer.cpp in Sources */,
				8C70C12C148D470200079CA0 /* library.cpp in Sources */,
				8C70C12D148D470200079CA0 /* main.cpp in Sources */,
				8C70C1CE148D478C00079CA0 /* model3DS.cpp in Sources */,
				8C70C1CF148D478C00079CA0 /* texture3DS.cpp in Sources */,
				8C70C1D0148D478C00079CA0 /* ofx3dModelLoader.cpp in Sources */,
				8C70C23F148D47A800079CA0 /* ofxCvColorImage.cpp in Sources */,
				8C70C240148D47A800079CA0 /* ofxCvContourFinder.cpp in Sources */,
				8C70C241148D47A800079CA0 /* ofxCvFloatImage.cpp in Sources */,
				8C70C242148D47A800079CA0 /* ofxCvGrayscaleImage.cpp in Sources */,
				8C70C243148D47A800079CA0 /* ofxCvHaarFinder.cpp in Sources */,
				8C70C244148D47A800079CA0 /* ofxCvImage.cpp in Sources */,
				8C70C245148D47A800079CA0 /* ofxCvShortImage.cpp in Sources */,
				8C70C380148D53C200079CA0 /* ofxARToolkitPlus.cpp in Sources */,
			);
			runOnlyForDeploymentPostprocessing = 0;
		};
/* End PBXSourcesBuildPhase section */

/* Begin PBXTargetDependency section */
		E4EEB9AC138B136A00A80321 /* PBXTargetDependency */ = {
			isa = PBXTargetDependency;
			name = openFrameworks;
			targetProxy = E4EEB9AB138B136A00A80321 /* PBXContainerItemProxy */;
		};
/* End PBXTargetDependency section */

/* Begin XCBuildConfiguration section */
		E4B69B4E0A3A1720003C02F2 /* Debug */ = {
			isa = XCBuildConfiguration;
			baseConfigurationReference = E4EB6923138AFD0F00A09F29 /* Project.xcconfig */;
			buildSettings = {
				ARCHS = "$(NATIVE_ARCH)";
				CONFIGURATION_BUILD_DIR = "$(SRCROOT)/bin/";
				COPY_PHASE_STRIP = NO;
				DEAD_CODE_STRIPPING = YES;
				GCC_AUTO_VECTORIZATION = YES;
				GCC_ENABLE_SSE3_EXTENSIONS = YES;
				GCC_ENABLE_SUPPLEMENTAL_SSE3_INSTRUCTIONS = YES;
				GCC_INLINES_ARE_PRIVATE_EXTERN = NO;
				GCC_MODEL_TUNING = G5;
				GCC_SYMBOLS_PRIVATE_EXTERN = NO;
				GCC_WARN_ABOUT_DEPRECATED_FUNCTIONS = NO;
				GCC_WARN_ABOUT_INVALID_OFFSETOF_MACRO = NO;
				GCC_WARN_ALLOW_INCOMPLETE_PROTOCOL = NO;
				GCC_WARN_UNINITIALIZED_AUTOS = NO;
				GCC_WARN_UNUSED_VALUE = NO;
				GCC_WARN_UNUSED_VARIABLE = NO;
				HEADER_SEARCH_PATHS = (
					"$(OF_PATH)/addons/ofxOpenCv/src",
					"$(OF_CORE_HEADERS)",
					"$(OF_PATH)/addons/ofxAssimpModelLoader/libs/assimp/include",
					"$(OF_PATH)/addons/ofxOpenCv/libs/opencv/include/opencv",
					"$(OF_PATH)/addons/ofxOpenCv/libs/opencv/include",
					"$(OF_PATH)/addons/ofxVectorMath/src",
					"$(OF_PATH)/addons/ofxARToolkitPlus/include/ARToolkitPlus/extra",
					"$(OF_PATH)/addons/ofxARToolkitPlus/include",
				);
				OTHER_CPLUSPLUSFLAGS = (
					"-D__MACOSX_CORE__",
					"-lpthread",
				);
				OTHER_LDFLAGS = (
					"$(OF_CORE_LIBS)",
					"$(OF_PATH)/addons/ofxAssimpModelLoader/libs/assimp/lib/osx/assimp.a",
					"$(OF_PATH)/addons/ofxARToolkitPlus/lib/ARTK_Plus.a",
				);
			};
			name = Debug;
		};
		E4B69B4F0A3A1720003C02F2 /* Release */ = {
			isa = XCBuildConfiguration;
			baseConfigurationReference = E4EB6923138AFD0F00A09F29 /* Project.xcconfig */;
			buildSettings = {
				ARCHS = "$(ARCHS_STANDARD_32_BIT_PRE_XCODE_3_1)";
				ARCHS_STANDARD_32_BIT_PRE_XCODE_3_1 = "ppc i386";
				CONFIGURATION_BUILD_DIR = "$(SRCROOT)/bin/";
				COPY_PHASE_STRIP = YES;
				DEAD_CODE_STRIPPING = YES;
				GCC_AUTO_VECTORIZATION = YES;
				GCC_ENABLE_SSE3_EXTENSIONS = YES;
				GCC_ENABLE_SUPPLEMENTAL_SSE3_INSTRUCTIONS = YES;
				GCC_INLINES_ARE_PRIVATE_EXTERN = NO;
				GCC_MODEL_TUNING = G5;
				GCC_OPTIMIZATION_LEVEL = 3;
				GCC_SYMBOLS_PRIVATE_EXTERN = NO;
				GCC_UNROLL_LOOPS = YES;
				GCC_WARN_ABOUT_DEPRECATED_FUNCTIONS = NO;
				GCC_WARN_ABOUT_INVALID_OFFSETOF_MACRO = NO;
				GCC_WARN_ALLOW_INCOMPLETE_PROTOCOL = NO;
				GCC_WARN_UNINITIALIZED_AUTOS = NO;
				GCC_WARN_UNUSED_VALUE = NO;
				GCC_WARN_UNUSED_VARIABLE = NO;
				HEADER_SEARCH_PATHS = (
					"$(OF_PATH)/addons/ofxOpenCv/src",
					"$(OF_CORE_HEADERS)",
					"$(OF_PATH)/addons/ofxAssimpModelLoader/libs/assimp/include",
					"$(OF_PATH)/addons/ofxOpenCv/libs/opencv/include",
					"$(OF_PATH)/addons/ofxOpenCv/libs/opencv/include/opencv",
					"$(OF_PATH)/addons/ofxVectorMath/src",
					"$(OF_PATH)/addons/ofxARToolkitPlus/include/ARToolkitPlus/extra",
					"$(OF_PATH)/addons/ofxARToolkitPlus/include",
				);
				OTHER_CPLUSPLUSFLAGS = (
					"-D__MACOSX_CORE__",
					"-lpthread",
				);
				OTHER_LDFLAGS = (
					"$(OF_CORE_LIBS)",
					"$(OF_PATH)/addons/ofxAssimpModelLoader/libs/assimp/lib/osx/assimp.a",
					"$(OF_PATH)/addons/ofxARToolkitPlus/lib/ARTK_Plus.a",
				);
			};
			name = Release;
		};
		E4B69B600A3A1757003C02F2 /* Debug */ = {
			isa = XCBuildConfiguration;
			buildSettings = {
				COPY_PHASE_STRIP = NO;
				FRAMEWORK_SEARCH_PATHS = (
					"$(inherited)",
					"$(FRAMEWORK_SEARCH_PATHS_QUOTED_FOR_TARGET_1)",
				);
				FRAMEWORK_SEARCH_PATHS_QUOTED_FOR_TARGET_1 = "\"$(SRCROOT)/../../../libs/glut/lib/osx\"";
				GCC_DYNAMIC_NO_PIC = NO;
				GCC_ENABLE_FIX_AND_CONTINUE = YES;
				GCC_GENERATE_DEBUGGING_SYMBOLS = YES;
				GCC_MODEL_TUNING = G4;
				GCC_PRECOMPILE_PREFIX_HEADER = YES;
				GCC_PREFIX_HEADER = "$(SYSTEM_LIBRARY_DIR)/Frameworks/Carbon.framework/Headers/Carbon.h";
				INFOPLIST_FILE = "openFrameworks-Info.plist";
				INSTALL_PATH = "$(HOME)/Applications";
				LIBRARY_SEARCH_PATHS = (
					"$(inherited)",
					"$(LIBRARY_SEARCH_PATHS_QUOTED_FOR_TARGET_1)",
					"$(LIBRARY_SEARCH_PATHS_QUOTED_FOR_TARGET_2)",
					"$(LIBRARY_SEARCH_PATHS_QUOTED_FOR_TARGET_3)",
					"$(LIBRARY_SEARCH_PATHS_QUOTED_FOR_TARGET_4)",
					"$(LIBRARY_SEARCH_PATHS_QUOTED_FOR_TARGET_5)",
					"$(LIBRARY_SEARCH_PATHS_QUOTED_FOR_TARGET_6)",
					"$(LIBRARY_SEARCH_PATHS_QUOTED_FOR_TARGET_7)",
					"$(LIBRARY_SEARCH_PATHS_QUOTED_FOR_TARGET_8)",
					"$(LIBRARY_SEARCH_PATHS_QUOTED_FOR_TARGET_9)",
					"$(LIBRARY_SEARCH_PATHS_QUOTED_FOR_TARGET_10)",
					"$(LIBRARY_SEARCH_PATHS_QUOTED_FOR_TARGET_11)",
					"$(LIBRARY_SEARCH_PATHS_QUOTED_FOR_TARGET_12)",
					"$(LIBRARY_SEARCH_PATHS_QUOTED_FOR_TARGET_13)",
					"$(LIBRARY_SEARCH_PATHS_QUOTED_FOR_TARGET_14)",
					"$(LIBRARY_SEARCH_PATHS_QUOTED_FOR_TARGET_15)",
					"$(LIBRARY_SEARCH_PATHS_QUOTED_FOR_TARGET_2)",
					"$(LIBRARY_SEARCH_PATHS_QUOTED_FOR_TARGET_3)",
					"$(LIBRARY_SEARCH_PATHS_QUOTED_FOR_TARGET_7)",
					"$(LIBRARY_SEARCH_PATHS_QUOTED_FOR_TARGET_8)",
					"$(LIBRARY_SEARCH_PATHS_QUOTED_FOR_TARGET_9)",
					"$(LIBRARY_SEARCH_PATHS_QUOTED_FOR_TARGET_10)",
					"$(LIBRARY_SEARCH_PATHS_QUOTED_FOR_TARGET_11)",
					"$(LIBRARY_SEARCH_PATHS_QUOTED_FOR_TARGET_12)",
					"$(LIBRARY_SEARCH_PATHS_QUOTED_FOR_TARGET_13)",
					"$(LIBRARY_SEARCH_PATHS_QUOTED_FOR_TARGET_16)",
					"$(LIBRARY_SEARCH_PATHS_QUOTED_FOR_TARGET_17)",
					"$(LIBRARY_SEARCH_PATHS_QUOTED_FOR_TARGET_18)",
					"$(LIBRARY_SEARCH_PATHS_QUOTED_FOR_TARGET_19)",
					"$(LIBRARY_SEARCH_PATHS_QUOTED_FOR_TARGET_20)",
					"$(LIBRARY_SEARCH_PATHS_QUOTED_FOR_TARGET_21)",
					"$(LIBRARY_SEARCH_PATHS_QUOTED_FOR_TARGET_22)",
					"$(LIBRARY_SEARCH_PATHS_QUOTED_FOR_TARGET_23)",
					"$(LIBRARY_SEARCH_PATHS_QUOTED_FOR_TARGET_24)",
					"$(LIBRARY_SEARCH_PATHS_QUOTED_FOR_TARGET_25)",
					"$(LIBRARY_SEARCH_PATHS_QUOTED_FOR_TARGET_26)",
					"$(LIBRARY_SEARCH_PATHS_QUOTED_FOR_TARGET_27)",
					"$(LIBRARY_SEARCH_PATHS_QUOTED_FOR_TARGET_28)",
					"$(LIBRARY_SEARCH_PATHS_QUOTED_FOR_TARGET_29)",
					"$(LIBRARY_SEARCH_PATHS_QUOTED_FOR_TARGET_30)",
					"$(LIBRARY_SEARCH_PATHS_QUOTED_FOR_TARGET_31)",
					"$(LIBRARY_SEARCH_PATHS_QUOTED_FOR_TARGET_32)",
					"$(LIBRARY_SEARCH_PATHS_QUOTED_FOR_TARGET_33)",
					"$(LIBRARY_SEARCH_PATHS_QUOTED_FOR_TARGET_34)",
					"$(LIBRARY_SEARCH_PATHS_QUOTED_FOR_TARGET_35)",
					"$(LIBRARY_SEARCH_PATHS_QUOTED_FOR_TARGET_36)",
					"$(LIBRARY_SEARCH_PATHS_QUOTED_FOR_TARGET_37)",
					"$(LIBRARY_SEARCH_PATHS_QUOTED_FOR_TARGET_38)",
					"$(LIBRARY_SEARCH_PATHS_QUOTED_FOR_TARGET_39)",
					"$(LIBRARY_SEARCH_PATHS_QUOTED_FOR_TARGET_40)",
					"$(LIBRARY_SEARCH_PATHS_QUOTED_FOR_TARGET_41)",
					"$(LIBRARY_SEARCH_PATHS_QUOTED_FOR_TARGET_42)",
					"$(LIBRARY_SEARCH_PATHS_QUOTED_FOR_TARGET_43)",
					"$(LIBRARY_SEARCH_PATHS_QUOTED_FOR_TARGET_44)",
					"$(LIBRARY_SEARCH_PATHS_QUOTED_FOR_TARGET_45)",
					"$(LIBRARY_SEARCH_PATHS_QUOTED_FOR_TARGET_46)",
					"$(LIBRARY_SEARCH_PATHS_QUOTED_FOR_TARGET_47)",
					"$(LIBRARY_SEARCH_PATHS_QUOTED_FOR_TARGET_48)",
					"$(LIBRARY_SEARCH_PATHS_QUOTED_FOR_TARGET_49)",
					"$(LIBRARY_SEARCH_PATHS_QUOTED_FOR_TARGET_50)",
					"$(LIBRARY_SEARCH_PATHS_QUOTED_FOR_TARGET_51)",
					"$(LIBRARY_SEARCH_PATHS_QUOTED_FOR_TARGET_52)",
					"$(LIBRARY_SEARCH_PATHS_QUOTED_1)",
					"$(LIBRARY_SEARCH_PATHS_QUOTED_2)",
				);
				LIBRARY_SEARCH_PATHS_QUOTED_1 = "\"$(SRCROOT)/../../../addons/ofxARToolkitPlus/lib\"";
				LIBRARY_SEARCH_PATHS_QUOTED_2 = "\"$(SRCROOT)/../../../addons/ofxOpenCv/libs/opencv/lib/osx\"";
				PREBINDING = NO;
				PRODUCT_NAME = "$(TARGET_NAME)Debug";
				WRAPPER_EXTENSION = app;
			};
			name = Debug;
		};
		E4B69B610A3A1757003C02F2 /* Release */ = {
			isa = XCBuildConfiguration;
			buildSettings = {
				COPY_PHASE_STRIP = YES;
				FRAMEWORK_SEARCH_PATHS = (
					"$(inherited)",
					"$(FRAMEWORK_SEARCH_PATHS_QUOTED_FOR_TARGET_1)",
				);
				FRAMEWORK_SEARCH_PATHS_QUOTED_FOR_TARGET_1 = "\"$(SRCROOT)/../../../libs/glut/lib/osx\"";
				GCC_ENABLE_FIX_AND_CONTINUE = NO;
				GCC_GENERATE_DEBUGGING_SYMBOLS = NO;
				GCC_MODEL_TUNING = G4;
				GCC_PRECOMPILE_PREFIX_HEADER = YES;
				GCC_PREFIX_HEADER = "$(SYSTEM_LIBRARY_DIR)/Frameworks/Carbon.framework/Headers/Carbon.h";
				INFOPLIST_FILE = "openFrameworks-Info.plist";
				INSTALL_PATH = "$(HOME)/Applications";
				LIBRARY_SEARCH_PATHS = (
					"$(inherited)",
					"$(LIBRARY_SEARCH_PATHS_QUOTED_FOR_TARGET_1)",
					"$(LIBRARY_SEARCH_PATHS_QUOTED_FOR_TARGET_2)",
					"$(LIBRARY_SEARCH_PATHS_QUOTED_FOR_TARGET_3)",
					"$(LIBRARY_SEARCH_PATHS_QUOTED_FOR_TARGET_4)",
					"$(LIBRARY_SEARCH_PATHS_QUOTED_FOR_TARGET_5)",
					"$(LIBRARY_SEARCH_PATHS_QUOTED_FOR_TARGET_6)",
					"$(LIBRARY_SEARCH_PATHS_QUOTED_FOR_TARGET_7)",
					"$(LIBRARY_SEARCH_PATHS_QUOTED_FOR_TARGET_8)",
					"$(LIBRARY_SEARCH_PATHS_QUOTED_FOR_TARGET_9)",
					"$(LIBRARY_SEARCH_PATHS_QUOTED_FOR_TARGET_10)",
					"$(LIBRARY_SEARCH_PATHS_QUOTED_FOR_TARGET_11)",
					"$(LIBRARY_SEARCH_PATHS_QUOTED_FOR_TARGET_12)",
					"$(LIBRARY_SEARCH_PATHS_QUOTED_FOR_TARGET_13)",
					"$(LIBRARY_SEARCH_PATHS_QUOTED_FOR_TARGET_14)",
					"$(LIBRARY_SEARCH_PATHS_QUOTED_FOR_TARGET_15)",
					"$(LIBRARY_SEARCH_PATHS_QUOTED_FOR_TARGET_2)",
					"$(LIBRARY_SEARCH_PATHS_QUOTED_1)",
					"$(LIBRARY_SEARCH_PATHS_QUOTED_FOR_TARGET_3)",
					"$(LIBRARY_SEARCH_PATHS_QUOTED_FOR_TARGET_7)",
					"$(LIBRARY_SEARCH_PATHS_QUOTED_FOR_TARGET_8)",
					"$(LIBRARY_SEARCH_PATHS_QUOTED_FOR_TARGET_9)",
					"$(LIBRARY_SEARCH_PATHS_QUOTED_FOR_TARGET_10)",
					"$(LIBRARY_SEARCH_PATHS_QUOTED_FOR_TARGET_11)",
					"$(LIBRARY_SEARCH_PATHS_QUOTED_FOR_TARGET_12)",
					"$(LIBRARY_SEARCH_PATHS_QUOTED_FOR_TARGET_13)",
					"$(LIBRARY_SEARCH_PATHS_QUOTED_FOR_TARGET_16)",
					"$(LIBRARY_SEARCH_PATHS_QUOTED_FOR_TARGET_17)",
					"$(LIBRARY_SEARCH_PATHS_QUOTED_FOR_TARGET_18)",
					"$(LIBRARY_SEARCH_PATHS_QUOTED_FOR_TARGET_19)",
					"$(LIBRARY_SEARCH_PATHS_QUOTED_FOR_TARGET_20)",
					"$(LIBRARY_SEARCH_PATHS_QUOTED_FOR_TARGET_21)",
					"$(LIBRARY_SEARCH_PATHS_QUOTED_FOR_TARGET_22)",
					"$(LIBRARY_SEARCH_PATHS_QUOTED_FOR_TARGET_23)",
					"$(LIBRARY_SEARCH_PATHS_QUOTED_FOR_TARGET_24)",
					"$(LIBRARY_SEARCH_PATHS_QUOTED_FOR_TARGET_25)",
					"$(LIBRARY_SEARCH_PATHS_QUOTED_FOR_TARGET_26)",
					"$(LIBRARY_SEARCH_PATHS_QUOTED_FOR_TARGET_27)",
					"$(LIBRARY_SEARCH_PATHS_QUOTED_FOR_TARGET_28)",
					"$(LIBRARY_SEARCH_PATHS_QUOTED_FOR_TARGET_29)",
					"$(LIBRARY_SEARCH_PATHS_QUOTED_FOR_TARGET_30)",
					"$(LIBRARY_SEARCH_PATHS_QUOTED_FOR_TARGET_31)",
					"$(LIBRARY_SEARCH_PATHS_QUOTED_FOR_TARGET_32)",
					"$(LIBRARY_SEARCH_PATHS_QUOTED_FOR_TARGET_33)",
					"$(LIBRARY_SEARCH_PATHS_QUOTED_FOR_TARGET_34)",
					"$(LIBRARY_SEARCH_PATHS_QUOTED_FOR_TARGET_35)",
					"$(LIBRARY_SEARCH_PATHS_QUOTED_FOR_TARGET_36)",
					"$(LIBRARY_SEARCH_PATHS_QUOTED_FOR_TARGET_37)",
					"$(LIBRARY_SEARCH_PATHS_QUOTED_FOR_TARGET_38)",
					"$(LIBRARY_SEARCH_PATHS_QUOTED_FOR_TARGET_39)",
					"$(LIBRARY_SEARCH_PATHS_QUOTED_FOR_TARGET_40)",
					"$(LIBRARY_SEARCH_PATHS_QUOTED_FOR_TARGET_41)",
					"$(LIBRARY_SEARCH_PATHS_QUOTED_FOR_TARGET_42)",
					"$(LIBRARY_SEARCH_PATHS_QUOTED_FOR_TARGET_43)",
					"$(LIBRARY_SEARCH_PATHS_QUOTED_FOR_TARGET_44)",
					"$(LIBRARY_SEARCH_PATHS_QUOTED_FOR_TARGET_45)",
					"$(LIBRARY_SEARCH_PATHS_QUOTED_FOR_TARGET_46)",
					"$(LIBRARY_SEARCH_PATHS_QUOTED_FOR_TARGET_47)",
					"$(LIBRARY_SEARCH_PATHS_QUOTED_FOR_TARGET_48)",
					"$(LIBRARY_SEARCH_PATHS_QUOTED_FOR_TARGET_49)",
					"$(LIBRARY_SEARCH_PATHS_QUOTED_FOR_TARGET_50)",
					"$(LIBRARY_SEARCH_PATHS_QUOTED_FOR_TARGET_51)",
					"$(LIBRARY_SEARCH_PATHS_QUOTED_FOR_TARGET_1)",
					"$(LIBRARY_SEARCH_PATHS_QUOTED_FOR_TARGET_2)",
				);
				LIBRARY_SEARCH_PATHS_QUOTED_FOR_TARGET_1 = "\"$(SRCROOT)/../../../addons/ofxARToolkitPlus/lib\"";
				LIBRARY_SEARCH_PATHS_QUOTED_FOR_TARGET_2 = "\"$(SRCROOT)/../../../addons/ofxOpenCv/libs/opencv/lib/osx\"";
				PREBINDING = NO;
				PRODUCT_NAME = "$(TARGET_NAME)";
				WRAPPER_EXTENSION = app;
			};
			name = Release;
		};
/* End XCBuildConfiguration section */

/* Begin XCConfigurationList section */
		E4B69B4D0A3A1720003C02F2 /* Build configuration list for PBXProject "PodporaTechnikyAssimpLoader" */ = {
			isa = XCConfigurationList;
			buildConfigurations = (
				E4B69B4E0A3A1720003C02F2 /* Debug */,
				E4B69B4F0A3A1720003C02F2 /* Release */,
			);
			defaultConfigurationIsVisible = 0;
			defaultConfigurationName = Release;
		};
		E4B69B5F0A3A1757003C02F2 /* Build configuration list for PBXNativeTarget "PodporaTechnikyAssimpLoader" */ = {
			isa = XCConfigurationList;
			buildConfigurations = (
				E4B69B600A3A1757003C02F2 /* Debug */,
				E4B69B610A3A1757003C02F2 /* Release */,
			);
			defaultConfigurationIsVisible = 0;
			defaultConfigurationName = Release;
		};
/* End XCConfigurationList section */
	};
	rootObject = E4B69B4C0A3A1720003C02F2 /* Project object */;
}
